
Microsoft Visual Studio Solution File, Format Version 12.00
# Visual Studio Version 17
VisualStudioVersion = 17.7.34031.279
MinimumVisualStudioVersion = 10.0.40219.1
Project("{8BC9CEB8-8B4A-11D0-8D11-00A0C91BC942}") = "whu", "whu\whu.vcxproj", "{5B100742-F247-4530-A55A-8D374AE9DF4F}"
EndProject
Project("{8BC9CEB8-8B4A-11D0-8D11-00A0C91BC942}") = "q2", "q2\q2.vcxproj", "{286FCB78-DF02-4F50-A7E0-AFBB8D36E40B}"
EndProject
Project("{8BC9CEB8-8B4A-11D0-8D11-00A0C91BC942}") = "encode1", "encode1\encode1.vcxproj", "{A7DCDE61-05D3-49A6-94E8-D831F6232461}"
EndProject
Project("{8BC9CEB8-8B4A-11D0-8D11-00A0C91BC942}") = "zhishu_while", "zhishu_for\zhishu_for.vcxproj", "{0A16EA84-E656-460E-9A62-D0F79E294F94}"
EndProject
Project("{8BC9CEB8-8B4A-11D0-8D11-00A0C91BC942}") = "zhishu_for", "zhishu_for'\zhishu_for'.vcxproj", "{98931FFD-906E-4D43-91D5-32003A627D9E}"
EndProject
Project("{8BC9CEB8-8B4A-11D0-8D11-00A0C91BC942}") = "zhishu_do", "zhishu_do\zhishu_do.vcxproj", "{2B52A5B7-D9E6-4B38-8414-1E5FCE5C9D38}"
EndProject
Project("{8BC9CEB8-8B4A-11D0-8D11-00A0C91BC942}") = "guess_do", "guess\guess.vcxproj", "{A7BF1967-1B45-4615-9E76-65B4815CD71F}"
EndProject
Project("{8BC9CEB8-8B4A-11D0-8D11-00A0C91BC942}") = "guess_for", "guess_for\guess_for.vcxproj", "{2E7C7C19-36AC-479F-97CA-5DCB9A6715B9}"
EndProject
Project("{8BC9CEB8-8B4A-11D0-8D11-00A0C91BC942}") = "guess_while", "guess_while\guess_while.vcxproj", "{25CDB11E-69FA-4D53-9293-0CFB6E8409B0}"
EndProject
Project("{8BC9CEB8-8B4A-11D0-8D11-00A0C91BC942}") = "test", "test\test.vcxproj", "{CA75958B-A4C1-465A-9C4F-8BCC0C2628D7}"
EndProject
Project("{8BC9CEB8-8B4A-11D0-8D11-00A0C91BC942}") = "check work", "check work\check work.vcxproj", "{E6CC62C6-FE23-4918-8E9A-34288D880D28}"
EndProject
Project("{8BC9CEB8-8B4A-11D0-8D11-00A0C91BC942}") = "3-13", "3-13\3-13.vcxproj", "{26370689-75A4-4614-9131-05B1B1F22EC7}"
EndProject
Project("{8BC9CEB8-8B4A-11D0-8D11-00A0C91BC942}") = "3-7", "3-7\3-7.vcxproj", "{DBC73ED8-FA71-4DE3-97AE-6ABB01A43F47}"
EndProject
Project("{8BC9CEB8-8B4A-11D0-8D11-00A0C91BC942}") = "3-15", "3-15\3-15.vcxproj", "{541BEEB3-9422-4016-9EFD-15E72F416064}"
EndProject
Project("{8BC9CEB8-8B4A-11D0-8D11-00A0C91BC942}") = "3-14", "3-14\3-14.vcxproj", "{EF045492-AF6C-45F0-9893-33D38D0EE182}"
EndProject
Global
	GlobalSection(SolutionConfigurationPlatforms) = preSolution
		Debug|Any CPU = Debug|Any CPU
		Debug|x64 = Debug|x64
		Debug|x86 = Debug|x86
		Release|Any CPU = Release|Any CPU
		Release|x64 = Release|x64
		Release|x86 = Release|x86
	EndGlobalSection
	GlobalSection(ProjectConfigurationPlatforms) = postSolution
		{5B100742-F247-4530-A55A-8D374AE9DF4F}.Debug|Any CPU.ActiveCfg = Debug|x64
		{5B100742-F247-4530-A55A-8D374AE9DF4F}.Debug|Any CPU.Build.0 = Debug|x64
		{5B100742-F247-4530-A55A-8D374AE9DF4F}.Debug|x64.ActiveCfg = Debug|x64
		{5B100742-F247-4530-A55A-8D374AE9DF4F}.Debug|x64.Build.0 = Debug|x64
		{5B100742-F247-4530-A55A-8D374AE9DF4F}.Debug|x86.ActiveCfg = Debug|Win32
		{5B100742-F247-4530-A55A-8D374AE9DF4F}.Debug|x86.Build.0 = Debug|Win32
		{5B100742-F247-4530-A55A-8D374AE9DF4F}.Release|Any CPU.ActiveCfg = Release|x64
		{5B100742-F247-4530-A55A-8D374AE9DF4F}.Release|Any CPU.Build.0 = Release|x64
		{5B100742-F247-4530-A55A-8D374AE9DF4F}.Release|x64.ActiveCfg = Release|x64
		{5B100742-F247-4530-A55A-8D374AE9DF4F}.Release|x64.Build.0 = Release|x64
		{5B100742-F247-4530-A55A-8D374AE9DF4F}.Release|x86.ActiveCfg = Release|Win32
		{5B100742-F247-4530-A55A-8D374AE9DF4F}.Release|x86.Build.0 = Release|Win32
		{286FCB78-DF02-4F50-A7E0-AFBB8D36E40B}.Debug|Any CPU.ActiveCfg = Debug|x64
		{286FCB78-DF02-4F50-A7E0-AFBB8D36E40B}.Debug|Any CPU.Build.0 = Debug|x64
		{286FCB78-DF02-4F50-A7E0-AFBB8D36E40B}.Debug|x64.ActiveCfg = Debug|x64
		{286FCB78-DF02-4F50-A7E0-AFBB8D36E40B}.Debug|x64.Build.0 = Debug|x64
		{286FCB78-DF02-4F50-A7E0-AFBB8D36E40B}.Debug|x86.ActiveCfg = Debug|Win32
		{286FCB78-DF02-4F50-A7E0-AFBB8D36E40B}.Debug|x86.Build.0 = Debug|Win32
		{286FCB78-DF02-4F50-A7E0-AFBB8D36E40B}.Release|Any CPU.ActiveCfg = Release|x64
		{286FCB78-DF02-4F50-A7E0-AFBB8D36E40B}.Release|Any CPU.Build.0 = Release|x64
		{286FCB78-DF02-4F50-A7E0-AFBB8D36E40B}.Release|x64.ActiveCfg = Release|x64
		{286FCB78-DF02-4F50-A7E0-AFBB8D36E40B}.Release|x64.Build.0 = Release|x64
		{286FCB78-DF02-4F50-A7E0-AFBB8D36E40B}.Release|x86.ActiveCfg = Release|Win32
		{286FCB78-DF02-4F50-A7E0-AFBB8D36E40B}.Release|x86.Build.0 = Release|Win32
		{A7DCDE61-05D3-49A6-94E8-D831F6232461}.Debug|Any CPU.ActiveCfg = Debug|x64
		{A7DCDE61-05D3-49A6-94E8-D831F6232461}.Debug|Any CPU.Build.0 = Debug|x64
		{A7DCDE61-05D3-49A6-94E8-D831F6232461}.Debug|x64.ActiveCfg = Debug|x64
		{A7DCDE61-05D3-49A6-94E8-D831F6232461}.Debug|x64.Build.0 = Debug|x64
		{A7DCDE61-05D3-49A6-94E8-D831F6232461}.Debug|x86.ActiveCfg = Debug|Win32
		{A7DCDE61-05D3-49A6-94E8-D831F6232461}.Debug|x86.Build.0 = Debug|Win32
		{A7DCDE61-05D3-49A6-94E8-D831F6232461}.Release|Any CPU.ActiveCfg = Release|x64
		{A7DCDE61-05D3-49A6-94E8-D831F6232461}.Release|Any CPU.Build.0 = Release|x64
		{A7DCDE61-05D3-49A6-94E8-D831F6232461}.Release|x64.ActiveCfg = Release|x64
		{A7DCDE61-05D3-49A6-94E8-D831F6232461}.Release|x64.Build.0 = Release|x64
		{A7DCDE61-05D3-49A6-94E8-D831F6232461}.Release|x86.ActiveCfg = Release|Win32
		{A7DCDE61-05D3-49A6-94E8-D831F6232461}.Release|x86.Build.0 = Release|Win32
		{0A16EA84-E656-460E-9A62-D0F79E294F94}.Debug|Any CPU.ActiveCfg = Debug|x64
		{0A16EA84-E656-460E-9A62-D0F79E294F94}.Debug|Any CPU.Build.0 = Debug|x64
		{0A16EA84-E656-460E-9A62-D0F79E294F94}.Debug|x64.ActiveCfg = Debug|x64
		{0A16EA84-E656-460E-9A62-D0F79E294F94}.Debug|x64.Build.0 = Debug|x64
		{0A16EA84-E656-460E-9A62-D0F79E294F94}.Debug|x86.ActiveCfg = Debug|Win32
		{0A16EA84-E656-460E-9A62-D0F79E294F94}.Debug|x86.Build.0 = Debug|Win32
		{0A16EA84-E656-460E-9A62-D0F79E294F94}.Release|Any CPU.ActiveCfg = Release|x64
		{0A16EA84-E656-460E-9A62-D0F79E294F94}.Release|Any CPU.Build.0 = Release|x64
		{0A16EA84-E656-460E-9A62-D0F79E294F94}.Release|x64.ActiveCfg = Release|x64
		{0A16EA84-E656-460E-9A62-D0F79E294F94}.Release|x64.Build.0 = Release|x64
		{0A16EA84-E656-460E-9A62-D0F79E294F94}.Release|x86.ActiveCfg = Release|Win32
		{0A16EA84-E656-460E-9A62-D0F79E294F94}.Release|x86.Build.0 = Release|Win32
		{98931FFD-906E-4D43-91D5-32003A627D9E}.Debug|Any CPU.ActiveCfg = Debug|x64
		{98931FFD-906E-4D43-91D5-32003A627D9E}.Debug|Any CPU.Build.0 = Debug|x64
		{98931FFD-906E-4D43-91D5-32003A627D9E}.Debug|x64.ActiveCfg = Debug|x64
		{98931FFD-906E-4D43-91D5-32003A627D9E}.Debug|x64.Build.0 = Debug|x64
		{98931FFD-906E-4D43-91D5-32003A627D9E}.Debug|x86.ActiveCfg = Debug|Win32
		{98931FFD-906E-4D43-91D5-32003A627D9E}.Debug|x86.Build.0 = Debug|Win32
		{98931FFD-906E-4D43-91D5-32003A627D9E}.Release|Any CPU.ActiveCfg = Release|x64
		{98931FFD-906E-4D43-91D5-32003A627D9E}.Release|Any CPU.Build.0 = Release|x64
		{98931FFD-906E-4D43-91D5-32003A627D9E}.Release|x64.ActiveCfg = Release|x64
		{98931FFD-906E-4D43-91D5-32003A627D9E}.Release|x64.Build.0 = Release|x64
		{98931FFD-906E-4D43-91D5-32003A627D9E}.Release|x86.ActiveCfg = Release|Win32
		{98931FFD-906E-4D43-91D5-32003A627D9E}.Release|x86.Build.0 = Release|Win32
		{2B52A5B7-D9E6-4B38-8414-1E5FCE5C9D38}.Debug|Any CPU.ActiveCfg = Debug|x64
		{2B52A5B7-D9E6-4B38-8414-1E5FCE5C9D38}.Debug|Any CPU.Build.0 = Debug|x64
		{2B52A5B7-D9E6-4B38-8414-1E5FCE5C9D38}.Debug|x64.ActiveCfg = Debug|x64
		{2B52A5B7-D9E6-4B38-8414-1E5FCE5C9D38}.Debug|x64.Build.0 = Debug|x64
		{2B52A5B7-D9E6-4B38-8414-1E5FCE5C9D38}.Debug|x86.ActiveCfg = Debug|Win32
		{2B52A5B7-D9E6-4B38-8414-1E5FCE5C9D38}.Debug|x86.Build.0 = Debug|Win32
		{2B52A5B7-D9E6-4B38-8414-1E5FCE5C9D38}.Release|Any CPU.ActiveCfg = Release|x64
		{2B52A5B7-D9E6-4B38-8414-1E5FCE5C9D38}.Release|Any CPU.Build.0 = Release|x64
		{2B52A5B7-D9E6-4B38-8414-1E5FCE5C9D38}.Release|x64.ActiveCfg = Release|x64
		{2B52A5B7-D9E6-4B38-8414-1E5FCE5C9D38}.Release|x64.Build.0 = Release|x64
		{2B52A5B7-D9E6-4B38-8414-1E5FCE5C9D38}.Release|x86.ActiveCfg = Release|Win32
		{2B52A5B7-D9E6-4B38-8414-1E5FCE5C9D38}.Release|x86.Build.0 = Release|Win32
		{A7BF1967-1B45-4615-9E76-65B4815CD71F}.Debug|Any CPU.ActiveCfg = Debug|x64
		{A7BF1967-1B45-4615-9E76-65B4815CD71F}.Debug|Any CPU.Build.0 = Debug|x64
		{A7BF1967-1B45-4615-9E76-65B4815CD71F}.Debug|x64.ActiveCfg = Debug|x64
		{A7BF1967-1B45-4615-9E76-65B4815CD71F}.Debug|x64.Build.0 = Debug|x64
		{A7BF1967-1B45-4615-9E76-65B4815CD71F}.Debug|x86.ActiveCfg = Debug|Win32
		{A7BF1967-1B45-4615-9E76-65B4815CD71F}.Debug|x86.Build.0 = Debug|Win32
		{A7BF1967-1B45-4615-9E76-65B4815CD71F}.Release|Any CPU.ActiveCfg = Release|x64
		{A7BF1967-1B45-4615-9E76-65B4815CD71F}.Release|Any CPU.Build.0 = Release|x64
		{A7BF1967-1B45-4615-9E76-65B4815CD71F}.Release|x64.ActiveCfg = Release|x64
		{A7BF1967-1B45-4615-9E76-65B4815CD71F}.Release|x64.Build.0 = Release|x64
		{A7BF1967-1B45-4615-9E76-65B4815CD71F}.Release|x86.ActiveCfg = Release|Win32
		{A7BF1967-1B45-4615-9E76-65B4815CD71F}.Release|x86.Build.0 = Release|Win32
		{2E7C7C19-36AC-479F-97CA-5DCB9A6715B9}.Debug|Any CPU.ActiveCfg = Debug|x64
		{2E7C7C19-36AC-479F-97CA-5DCB9A6715B9}.Debug|Any CPU.Build.0 = Debug|x64
		{2E7C7C19-36AC-479F-97CA-5DCB9A6715B9}.Debug|x64.ActiveCfg = Debug|x64
		{2E7C7C19-36AC-479F-97CA-5DCB9A6715B9}.Debug|x64.Build.0 = Debug|x64
		{2E7C7C19-36AC-479F-97CA-5DCB9A6715B9}.Debug|x86.ActiveCfg = Debug|Win32
		{2E7C7C19-36AC-479F-97CA-5DCB9A6715B9}.Debug|x86.Build.0 = Debug|Win32
		{2E7C7C19-36AC-479F-97CA-5DCB9A6715B9}.Release|Any CPU.ActiveCfg = Release|x64
		{2E7C7C19-36AC-479F-97CA-5DCB9A6715B9}.Release|Any CPU.Build.0 = Release|x64
		{2E7C7C19-36AC-479F-97CA-5DCB9A6715B9}.Release|x64.ActiveCfg = Release|x64
		{2E7C7C19-36AC-479F-97CA-5DCB9A6715B9}.Release|x64.Build.0 = Release|x64
		{2E7C7C19-36AC-479F-97CA-5DCB9A6715B9}.Release|x86.ActiveCfg = Release|Win32
		{2E7C7C19-36AC-479F-97CA-5DCB9A6715B9}.Release|x86.Build.0 = Release|Win32
		{25CDB11E-69FA-4D53-9293-0CFB6E8409B0}.Debug|Any CPU.ActiveCfg = Debug|x64
		{25CDB11E-69FA-4D53-9293-0CFB6E8409B0}.Debug|Any CPU.Build.0 = Debug|x64
		{25CDB11E-69FA-4D53-9293-0CFB6E8409B0}.Debug|x64.ActiveCfg = Debug|x64
		{25CDB11E-69FA-4D53-9293-0CFB6E8409B0}.Debug|x64.Build.0 = Debug|x64
		{25CDB11E-69FA-4D53-9293-0CFB6E8409B0}.Debug|x86.ActiveCfg = Debug|Win32
		{25CDB11E-69FA-4D53-9293-0CFB6E8409B0}.Debug|x86.Build.0 = Debug|Win32
		{25CDB11E-69FA-4D53-9293-0CFB6E8409B0}.Release|Any CPU.ActiveCfg = Release|x64
		{25CDB11E-69FA-4D53-9293-0CFB6E8409B0}.Release|Any CPU.Build.0 = Release|x64
		{25CDB11E-69FA-4D53-9293-0CFB6E8409B0}.Release|x64.ActiveCfg = Release|x64
		{25CDB11E-69FA-4D53-9293-0CFB6E8409B0}.Release|x64.Build.0 = Release|x64
		{25CDB11E-69FA-4D53-9293-0CFB6E8409B0}.Release|x86.ActiveCfg = Release|Win32
		{25CDB11E-69FA-4D53-9293-0CFB6E8409B0}.Release|x86.Build.0 = Release|Win32
		{CA75958B-A4C1-465A-9C4F-8BCC0C2628D7}.Debug|Any CPU.ActiveCfg = Debug|x64
		{CA75958B-A4C1-465A-9C4F-8BCC0C2628D7}.Debug|Any CPU.Build.0 = Debug|x64
		{CA75958B-A4C1-465A-9C4F-8BCC0C2628D7}.Debug|x64.ActiveCfg = Debug|x64
		{CA75958B-A4C1-465A-9C4F-8BCC0C2628D7}.Debug|x64.Build.0 = Debug|x64
		{CA75958B-A4C1-465A-9C4F-8BCC0C2628D7}.Debug|x86.ActiveCfg = Debug|Win32
		{CA75958B-A4C1-465A-9C4F-8BCC0C2628D7}.Debug|x86.Build.0 = Debug|Win32
		{CA75958B-A4C1-465A-9C4F-8BCC0C2628D7}.Release|Any CPU.ActiveCfg = Release|x64
		{CA75958B-A4C1-465A-9C4F-8BCC0C2628D7}.Release|Any CPU.Build.0 = Release|x64
		{CA75958B-A4C1-465A-9C4F-8BCC0C2628D7}.Release|x64.ActiveCfg = Release|x64
		{CA75958B-A4C1-465A-9C4F-8BCC0C2628D7}.Release|x64.Build.0 = Release|x64
		{CA75958B-A4C1-465A-9C4F-8BCC0C2628D7}.Release|x86.ActiveCfg = Release|Win32
		{CA75958B-A4C1-465A-9C4F-8BCC0C2628D7}.Release|x86.Build.0 = Release|Win32
		{E6CC62C6-FE23-4918-8E9A-34288D880D28}.Debug|Any CPU.ActiveCfg = Debug|x64
		{E6CC62C6-FE23-4918-8E9A-34288D880D28}.Debug|Any CPU.Build.0 = Debug|x64
		{E6CC62C6-FE23-4918-8E9A-34288D880D28}.Debug|x64.ActiveCfg = Debug|x64
		{E6CC62C6-FE23-4918-8E9A-34288D880D28}.Debug|x64.Build.0 = Debug|x64
		{E6CC62C6-FE23-4918-8E9A-34288D880D28}.Debug|x86.ActiveCfg = Debug|Win32
		{E6CC62C6-FE23-4918-8E9A-34288D880D28}.Debug|x86.Build.0 = Debug|Win32
		{E6CC62C6-FE23-4918-8E9A-34288D880D28}.Release|Any CPU.ActiveCfg = Release|x64
		{E6CC62C6-FE23-4918-8E9A-34288D880D28}.Release|Any CPU.Build.0 = Release|x64
		{E6CC62C6-FE23-4918-8E9A-34288D880D28}.Release|x64.ActiveCfg = Release|x64
		{E6CC62C6-FE23-4918-8E9A-34288D880D28}.Release|x64.Build.0 = Release|x64
		{E6CC62C6-FE23-4918-8E9A-34288D880D28}.Release|x86.ActiveCfg = Release|Win32
		{E6CC62C6-FE23-4918-8E9A-34288D880D28}.Release|x86.Build.0 = Release|Win32
		{26370689-75A4-4614-9131-05B1B1F22EC7}.Debug|Any CPU.ActiveCfg = Debug|x64
		{26370689-75A4-4614-9131-05B1B1F22EC7}.Debug|Any CPU.Build.0 = Debug|x64
		{26370689-75A4-4614-9131-05B1B1F22EC7}.Debug|x64.ActiveCfg = Debug|x64
		{26370689-75A4-4614-9131-05B1B1F22EC7}.Debug|x64.Build.0 = Debug|x64
		{26370689-75A4-4614-9131-05B1B1F22EC7}.Debug|x86.ActiveCfg = Debug|Win32
		{26370689-75A4-4614-9131-05B1B1F22EC7}.Debug|x86.Build.0 = Debug|Win32
		{26370689-75A4-4614-9131-05B1B1F22EC7}.Release|Any CPU.ActiveCfg = Release|x64
		{26370689-75A4-4614-9131-05B1B1F22EC7}.Release|Any CPU.Build.0 = Release|x64
		{26370689-75A4-4614-9131-05B1B1F22EC7}.Release|x64.ActiveCfg = Release|x64
		{26370689-75A4-4614-9131-05B1B1F22EC7}.Release|x64.Build.0 = Release|x64
		{26370689-75A4-4614-9131-05B1B1F22EC7}.Release|x86.ActiveCfg = Release|Win32
		{26370689-75A4-4614-9131-05B1B1F22EC7}.Release|x86.Build.0 = Release|Win32
		{DBC73ED8-FA71-4DE3-97AE-6ABB01A43F47}.Debug|Any CPU.ActiveCfg = Debug|x64
		{DBC73ED8-FA71-4DE3-97AE-6ABB01A43F47}.Debug|Any CPU.Build.0 = Debug|x64
		{DBC73ED8-FA71-4DE3-97AE-6ABB01A43F47}.Debug|x64.ActiveCfg = Debug|x64
		{DBC73ED8-FA71-4DE3-97AE-6ABB01A43F47}.Debug|x64.Build.0 = Debug|x64
		{DBC73ED8-FA71-4DE3-97AE-6ABB01A43F47}.Debug|x86.ActiveCfg = Debug|Win32
		{DBC73ED8-FA71-4DE3-97AE-6ABB01A43F47}.Debug|x86.Build.0 = Debug|Win32
		{DBC73ED8-FA71-4DE3-97AE-6ABB01A43F47}.Release|Any CPU.ActiveCfg = Release|x64
		{DBC73ED8-FA71-4DE3-97AE-6ABB01A43F47}.Release|Any CPU.Build.0 = Release|x64
		{DBC73ED8-FA71-4DE3-97AE-6ABB01A43F47}.Release|x64.ActiveCfg = Release|x64
		{DBC73ED8-FA71-4DE3-97AE-6ABB01A43F47}.Release|x64.Build.0 = Release|x64
		{DBC73ED8-FA71-4DE3-97AE-6ABB01A43F47}.Release|x86.ActiveCfg = Release|Win32
		{DBC73ED8-FA71-4DE3-97AE-6ABB01A43F47}.Release|x86.Build.0 = Release|Win32
		{541BEEB3-9422-4016-9EFD-15E72F416064}.Debug|Any CPU.ActiveCfg = Debug|x64
		{541BEEB3-9422-4016-9EFD-15E72F416064}.Debug|Any CPU.Build.0 = Debug|x64
		{541BEEB3-9422-4016-9EFD-15E72F416064}.Debug|x64.ActiveCfg = Debug|x64
		{541BEEB3-9422-4016-9EFD-15E72F416064}.Debug|x64.Build.0 = Debug|x64
		{541BEEB3-9422-4016-9EFD-15E72F416064}.Debug|x86.ActiveCfg = Debug|Win32
		{541BEEB3-9422-4016-9EFD-15E72F416064}.Debug|x86.Build.0 = Debug|Win32
		{541BEEB3-9422-4016-9EFD-15E72F416064}.Release|Any CPU.ActiveCfg = Release|x64
		{541BEEB3-9422-4016-9EFD-15E72F416064}.Release|Any CPU.Build.0 = Release|x64
		{541BEEB3-9422-4016-9EFD-15E72F416064}.Release|x64.ActiveCfg = Release|x64
		{541BEEB3-9422-4016-9EFD-15E72F416064}.Release|x64.Build.0 = Release|x64
		{541BEEB3-9422-4016-9EFD-15E72F416064}.Release|x86.ActiveCfg = Release|Win32
		{541BEEB3-9422-4016-9EFD-15E72F416064}.Release|x86.Build.0 = Release|Win32
		{EF045492-AF6C-45F0-9893-33D38D0EE182}.Debug|Any CPU.ActiveCfg = Debug|x64
		{EF045492-AF6C-45F0-9893-33D38D0EE182}.Debug|Any CPU.Build.0 = Debug|x64
		{EF045492-AF6C-45F0-9893-33D38D0EE182}.Debug|x64.ActiveCfg = Debug|x64
		{EF045492-AF6C-45F0-9893-33D38D0EE182}.Debug|x64.Build.0 = Debug|x64
		{EF045492-AF6C-45F0-9893-33D38D0EE182}.Debug|x86.ActiveCfg = Debug|Win32
		{EF045492-AF6C-45F0-9893-33D38D0EE182}.Debug|x86.Build.0 = Debug|Win32
		{EF045492-AF6C-45F0-9893-33D38D0EE182}.Release|Any CPU.ActiveCfg = Release|x64
		{EF045492-AF6C-45F0-9893-33D38D0EE182}.Release|Any CPU.Build.0 = Release|x64
		{EF045492-AF6C-45F0-9893-33D38D0EE182}.Release|x64.ActiveCfg = Release|x64
		{EF045492-AF6C-45F0-9893-33D38D0EE182}.Release|x64.Build.0 = Release|x64
		{EF045492-AF6C-45F0-9893-33D38D0EE182}.Release|x86.ActiveCfg = Release|Win32
		{EF045492-AF6C-45F0-9893-33D38D0EE182}.Release|x86.Build.0 = Release|Win32
	EndGlobalSection
	GlobalSection(SolutionProperties) = preSolution
		HideSolutionNode = FALSE
	EndGlobalSection
	GlobalSection(ExtensibilityGlobals) = postSolution
		SolutionGuid = {F6CF41E0-5B2E-4B38-BB29-4C79546FDDCA}
	EndGlobalSection
EndGlobal
